%{
  "cqerl": {:hex, :cqerl, "2.0.1", "c92929e885adc50cda1f11b73eb0121363e8418533312f8a44defb5f14853445", [:rebar3], [{:lz4, "~>0.2.4", [hex: :lz4_erl, repo: "hexpm", optional: false]}, {:re2, "1.9.5", [hex: :re2, repo: "hexpm", optional: false]}, {:semver, "~>0.0.1", [hex: :semver_erl, repo: "hexpm", optional: false]}, {:snappyer, "1.2.6", [hex: :snappyer, repo: "hexpm", optional: false]}, {:uuid, "~>2.0.0", [hex: :uuid_erl, repo: "hexpm", optional: false]}], "hexpm", "96e9ee407830508187a5edff9fc49983a7122b5c4127c640320a226b59ae12fe"},
  "dialyxir": {:hex, :dialyxir, "0.5.1", "b331b091720fd93e878137add264bac4f644e1ddae07a70bf7062c7862c4b952", [:mix], [], "hexpm", "6c32a70ed5d452c6650916555b1f96c79af5fc4bf286997f8b15f213de786f73"},
  "earmark": {:hex, :earmark, "1.4.5", "62ffd3bd7722fb7a7b1ecd2419ea0b458c356e7168c1f5d65caf09b4fbdd13c8", [:mix], [], "hexpm", "b7d0e6263d83dc27141a523467799a685965bf8b13b6743413f19a7079843f4f"},
  "ex_doc": {:hex, :ex_doc, "0.22.1", "9bb6d51508778193a4ea90fa16eac47f8b67934f33f8271d5e1edec2dc0eee4c", [:mix], [{:earmark, "~> 1.4.0", [hex: :earmark, repo: "hexpm", optional: false]}, {:makeup_elixir, "~> 0.14", [hex: :makeup_elixir, repo: "hexpm", optional: false]}], "hexpm", "d957de1b75cb9f78d3ee17820733dc4460114d8b1e11f7ee4fd6546e69b1db60"},
  "lz4": {:hex, :lz4_erl, "0.2.4", "fafc1fa39ed1d034893316852daebedd82f37df478446224ac096490be3b4a4d", [:rebar3], [], "hexpm", "e3eb9e2b5c1e4dab39db8fe0421e6fa10f9bf5843f20dab43518f8ab8e812517"},
  "makeup": {:hex, :makeup, "1.0.3", "e339e2f766d12e7260e6672dd4047405963c5ec99661abdc432e6ec67d29ef95", [:mix], [{:nimble_parsec, "~> 0.5", [hex: :nimble_parsec, repo: "hexpm", optional: false]}], "hexpm", "2e9b4996d11832947731f7608fed7ad2f9443011b3b479ae288011265cdd3dad"},
  "makeup_elixir": {:hex, :makeup_elixir, "0.14.1", "4f0e96847c63c17841d42c08107405a005a2680eb9c7ccadfd757bd31dabccfb", [:mix], [{:makeup, "~> 1.0", [hex: :makeup, repo: "hexpm", optional: false]}], "hexpm", "f2438b1a80eaec9ede832b5c41cd4f373b38fd7aa33e3b22d9db79e640cbde11"},
  "nimble_parsec": {:hex, :nimble_parsec, "0.6.0", "32111b3bf39137144abd7ba1cce0914533b2d16ef35e8abc5ec8be6122944263", [:mix], [], "hexpm", "27eac315a94909d4dc68bc07a4a83e06c8379237c5ea528a9acff4ca1c873c52"},
  "quickrand": {:hex, :quickrand, "2.0.0", "665c49881808da68a5c58ddeda16ea60b16be54dbb719b029eea5835fd12dae9", [:rebar3], [], "hexpm", "0344d02b40bc44b3e8e8a3dbd89a3b29e5690bc44811149ee704ac3a695a29e3"},
  "re2": {:hex, :re2, "1.9.5", "3c419527fb2cc75eda1657f04dc7e8cea9864899b43ff6cc3250fa7525431e83", [:rebar3], [], "hexpm", "4861336271ac565224e79e133cbaf90af77739cda3fff25f6965b24a1146a4d6"},
  "semver": {:hex, :semver_erl, "0.0.1", "e1dc99fb20ff071b240a0280611faba93eeb9c2adfb02a15e20a06a9f13dfff4", [:rebar3], [], "hexpm", "adf1cb935eeb2472b4b7bb8116c678c1077ae4cd5bdfe90010b765aecce5753b"},
  "snappyer": {:hex, :snappyer, "1.2.6", "34181e3233f68a92044e176fe96e54fee7957acc2be554f0460d799c495166c2", [:rebar3], [], "hexpm", "d538d1e8892af09dc8b2771b2652c9d70f009cd1556246b3e22706df643f47b4"},
  "uuid": {:hex, :uuid_erl, "2.0.0", "02c713fac0e73e5f366cba541216f1e956e2f00c91c7530d4b21dec7d3ada164", [:rebar3], [{:quickrand, "~> 2.0.0", [hex: :quickrand, repo: "hexpm", optional: false]}], "hexpm", "ce1c1ed1d786ba98f93204be66f93a797504993954141122fcc5fe59b5331367"},
}
